// !$*UTF8*$!
{
	archiveVersion = 1;
	classes = {
	};
	objectVersion = 52;
	objects = {

/* Begin PBXBuildFile section */
		5987964226AA486100F2EEA9 /* WebBrideData.swift in Sources */ = {isa = PBXBuildFile; fileRef = 5987964126AA486100F2EEA9 /* WebBrideData.swift */; };
		5987964426AA4CED00F2EEA9 /* SecondWebViewController.swift in Sources */ = {isa = PBXBuildFile; fileRef = 5987964326AA4CED00F2EEA9 /* SecondWebViewController.swift */; };
		59DC5FBB26A924E800BCEFEB /* RxFlow in Frameworks */ = {isa = PBXBuildFile; productRef = 59DC5FBA26A924E800BCEFEB /* RxFlow */; };
		59DC5FBF26A94C2A00BCEFEB /* AppStep.swift in Sources */ = {isa = PBXBuildFile; fileRef = 59DC5FBE26A94C2A00BCEFEB /* AppStep.swift */; };
		59DC5FC126A94C4800BCEFEB /* AppStepper.swift in Sources */ = {isa = PBXBuildFile; fileRef = 59DC5FC026A94C4800BCEFEB /* AppStepper.swift */; };
		59DC5FC426A94CC200BCEFEB /* SplashViewController.swift in Sources */ = {isa = PBXBuildFile; fileRef = 59DC5FC326A94CC200BCEFEB /* SplashViewController.swift */; };
		59DC5FC626A94E8600BCEFEB /* AppFlow.swift in Sources */ = {isa = PBXBuildFile; fileRef = 59DC5FC526A94E8600BCEFEB /* AppFlow.swift */; };
		59DC5FCA26A9661900BCEFEB /* NativeViewController.swift in Sources */ = {isa = PBXBuildFile; fileRef = 59DC5FC926A9661900BCEFEB /* NativeViewController.swift */; };
		9BF6A9DC269ECFAF00A048F8 /* AppDelegate.swift in Sources */ = {isa = PBXBuildFile; fileRef = 9BF6A9DB269ECFAF00A048F8 /* AppDelegate.swift */; };
		9BF6A9DE269ECFAF00A048F8 /* SceneDelegate.swift in Sources */ = {isa = PBXBuildFile; fileRef = 9BF6A9DD269ECFAF00A048F8 /* SceneDelegate.swift */; };
		9BF6A9E0269ECFAF00A048F8 /* FirstWebViewController.swift in Sources */ = {isa = PBXBuildFile; fileRef = 9BF6A9DF269ECFAF00A048F8 /* FirstWebViewController.swift */; };
		9BF6A9E5269ECFB000A048F8 /* Assets.xcassets in Resources */ = {isa = PBXBuildFile; fileRef = 9BF6A9E4269ECFB000A048F8 /* Assets.xcassets */; };
		9BF6A9E8269ECFB000A048F8 /* LaunchScreen.storyboard in Resources */ = {isa = PBXBuildFile; fileRef = 9BF6A9E6269ECFB000A048F8 /* LaunchScreen.storyboard */; };
		9BF6A9F1269ED2F300A048F8 /* SnapKit in Frameworks */ = {isa = PBXBuildFile; productRef = 9BF6A9F0269ED2F300A048F8 /* SnapKit */; };
		9BF6A9F3269ED96F00A048F8 /* reference.txt in Resources */ = {isa = PBXBuildFile; fileRef = 9BF6A9F2269ED96F00A048F8 /* reference.txt */; };
/* End PBXBuildFile section */

/* Begin PBXFileReference section */
		5987964126AA486100F2EEA9 /* WebBrideData.swift */ = {isa = PBXFileReference; lastKnownFileType = sourcecode.swift; path = WebBrideData.swift; sourceTree = "<group>"; };
		5987964326AA4CED00F2EEA9 /* SecondWebViewController.swift */ = {isa = PBXFileReference; lastKnownFileType = sourcecode.swift; path = SecondWebViewController.swift; sourceTree = "<group>"; };
		59DC5FBE26A94C2A00BCEFEB /* AppStep.swift */ = {isa = PBXFileReference; lastKnownFileType = sourcecode.swift; path = AppStep.swift; sourceTree = "<group>"; };
		59DC5FC026A94C4800BCEFEB /* AppStepper.swift */ = {isa = PBXFileReference; lastKnownFileType = sourcecode.swift; path = AppStepper.swift; sourceTree = "<group>"; };
		59DC5FC326A94CC200BCEFEB /* SplashViewController.swift */ = {isa = PBXFileReference; lastKnownFileType = sourcecode.swift; path = SplashViewController.swift; sourceTree = "<group>"; };
		59DC5FC526A94E8600BCEFEB /* AppFlow.swift */ = {isa = PBXFileReference; lastKnownFileType = sourcecode.swift; path = AppFlow.swift; sourceTree = "<group>"; };
		59DC5FC926A9661900BCEFEB /* NativeViewController.swift */ = {isa = PBXFileReference; lastKnownFileType = sourcecode.swift; path = NativeViewController.swift; sourceTree = "<group>"; };
		9BF6A9D8269ECFAF00A048F8 /* web-bridge-swift.app */ = {isa = PBXFileReference; explicitFileType = wrapper.application; includeInIndex = 0; path = "web-bridge-swift.app"; sourceTree = BUILT_PRODUCTS_DIR; };
		9BF6A9DB269ECFAF00A048F8 /* AppDelegate.swift */ = {isa = PBXFileReference; lastKnownFileType = sourcecode.swift; path = AppDelegate.swift; sourceTree = "<group>"; };
		9BF6A9DD269ECFAF00A048F8 /* SceneDelegate.swift */ = {isa = PBXFileReference; lastKnownFileType = sourcecode.swift; path = SceneDelegate.swift; sourceTree = "<group>"; };
		9BF6A9DF269ECFAF00A048F8 /* FirstWebViewController.swift */ = {isa = PBXFileReference; lastKnownFileType = sourcecode.swift; path = FirstWebViewController.swift; sourceTree = "<group>"; };
		9BF6A9E4269ECFB000A048F8 /* Assets.xcassets */ = {isa = PBXFileReference; lastKnownFileType = folder.assetcatalog; path = Assets.xcassets; sourceTree = "<group>"; };
		9BF6A9E7269ECFB000A048F8 /* Base */ = {isa = PBXFileReference; lastKnownFileType = file.storyboard; name = Base; path = Base.lproj/LaunchScreen.storyboard; sourceTree = "<group>"; };
		9BF6A9E9269ECFB000A048F8 /* Info.plist */ = {isa = PBXFileReference; lastKnownFileType = text.plist.xml; path = Info.plist; sourceTree = "<group>"; };
		9BF6A9F2269ED96F00A048F8 /* reference.txt */ = {isa = PBXFileReference; lastKnownFileType = text; path = reference.txt; sourceTree = "<group>"; };
/* End PBXFileReference section */

/* Begin PBXFrameworksBuildPhase section */
		9BF6A9D5269ECFAF00A048F8 /* Frameworks */ = {
			isa = PBXFrameworksBuildPhase;
			buildActionMask = 2147483647;
			files = (
				59DC5FBB26A924E800BCEFEB /* RxFlow in Frameworks */,
				9BF6A9F1269ED2F300A048F8 /* SnapKit in Frameworks */,
			);
			runOnlyForDeploymentPostprocessing = 0;
		};
/* End PBXFrameworksBuildPhase section */

/* Begin PBXGroup section */
		5987963F26AA418100F2EEA9 /* second */ = {
			isa = PBXGroup;
			children = (
				5987964326AA4CED00F2EEA9 /* SecondWebViewController.swift */,
			);
			path = second;
			sourceTree = "<group>";
		};
		5987964026AA485000F2EEA9 /* model */ = {
			isa = PBXGroup;
			children = (
				5987964126AA486100F2EEA9 /* WebBrideData.swift */,
			);
			path = model;
			sourceTree = "<group>";
		};
		59DC5FBC26A94B8000BCEFEB /* flows */ = {
			isa = PBXGroup;
			children = (
				59DC5FBE26A94C2A00BCEFEB /* AppStep.swift */,
				59DC5FC026A94C4800BCEFEB /* AppStepper.swift */,
				59DC5FC526A94E8600BCEFEB /* AppFlow.swift */,
			);
			path = flows;
			sourceTree = "<group>";
		};
		59DC5FBD26A94B8800BCEFEB /* scene */ = {
			isa = PBXGroup;
			children = (
				59DC5FC226A94CA900BCEFEB /* splash */,
				59DC5FC726A94F9300BCEFEB /* first */,
				59DC5FC826A965F400BCEFEB /* native */,
				5987963F26AA418100F2EEA9 /* second */,
			);
			path = scene;
			sourceTree = "<group>";
		};
		59DC5FC226A94CA900BCEFEB /* splash */ = {
			isa = PBXGroup;
			children = (
				59DC5FC326A94CC200BCEFEB /* SplashViewController.swift */,
			);
			path = splash;
			sourceTree = "<group>";
		};
		59DC5FC726A94F9300BCEFEB /* first */ = {
			isa = PBXGroup;
			children = (
				9BF6A9DF269ECFAF00A048F8 /* FirstWebViewController.swift */,
			);
			path = first;
			sourceTree = "<group>";
		};
		59DC5FC826A965F400BCEFEB /* native */ = {
			isa = PBXGroup;
			children = (
				59DC5FC926A9661900BCEFEB /* NativeViewController.swift */,
			);
			path = native;
			sourceTree = "<group>";
		};
		9BF6A9CF269ECFAF00A048F8 = {
			isa = PBXGroup;
			children = (
				9BF6A9DA269ECFAF00A048F8 /* web-bridge-swift */,
				9BF6A9D9269ECFAF00A048F8 /* Products */,
			);
			sourceTree = "<group>";
		};
		9BF6A9D9269ECFAF00A048F8 /* Products */ = {
			isa = PBXGroup;
			children = (
				9BF6A9D8269ECFAF00A048F8 /* web-bridge-swift.app */,
			);
			name = Products;
			sourceTree = "<group>";
		};
		9BF6A9DA269ECFAF00A048F8 /* web-bridge-swift */ = {
			isa = PBXGroup;
			children = (
				5987964026AA485000F2EEA9 /* model */,
				59DC5FBD26A94B8800BCEFEB /* scene */,
				59DC5FBC26A94B8000BCEFEB /* flows */,
				9BF6A9DB269ECFAF00A048F8 /* AppDelegate.swift */,
				9BF6A9DD269ECFAF00A048F8 /* SceneDelegate.swift */,
				9BF6A9E4269ECFB000A048F8 /* Assets.xcassets */,
				9BF6A9E6269ECFB000A048F8 /* LaunchScreen.storyboard */,
				9BF6A9E9269ECFB000A048F8 /* Info.plist */,
				9BF6A9F2269ED96F00A048F8 /* reference.txt */,
			);
			path = "web-bridge-swift";
			sourceTree = "<group>";
		};
/* End PBXGroup section */

/* Begin PBXNativeTarget section */
		9BF6A9D7269ECFAF00A048F8 /* web-bridge-swift */ = {
			isa = PBXNativeTarget;
			buildConfigurationList = 9BF6A9EC269ECFB000A048F8 /* Build configuration list for PBXNativeTarget "web-bridge-swift" */;
			buildPhases = (
				9BF6A9D4269ECFAF00A048F8 /* Sources */,
				9BF6A9D5269ECFAF00A048F8 /* Frameworks */,
				9BF6A9D6269ECFAF00A048F8 /* Resources */,
			);
			buildRules = (
			);
			dependencies = (
			);
			name = "web-bridge-swift";
			packageProductDependencies = (
				9BF6A9F0269ED2F300A048F8 /* SnapKit */,
				59DC5FBA26A924E800BCEFEB /* RxFlow */,
			);
			productName = "web-bridge-swift";
			productReference = 9BF6A9D8269ECFAF00A048F8 /* web-bridge-swift.app */;
			productType = "com.apple.product-type.application";
		};
/* End PBXNativeTarget section */

/* Begin PBXProject section */
		9BF6A9D0269ECFAF00A048F8 /* Project object */ = {
			isa = PBXProject;
			attributes = {
				LastSwiftUpdateCheck = 1250;
				LastUpgradeCheck = 1250;
				TargetAttributes = {
					9BF6A9D7269ECFAF00A048F8 = {
						CreatedOnToolsVersion = 12.5.1;
					};
				};
			};
			buildConfigurationList = 9BF6A9D3269ECFAF00A048F8 /* Build configuration list for PBXProject "web-bridge-swift" */;
			compatibilityVersion = "Xcode 9.3";
			developmentRegion = en;
			hasScannedForEncodings = 0;
			knownRegions = (
				en,
				Base,
			);
			mainGroup = 9BF6A9CF269ECFAF00A048F8;
			packageReferences = (
				9BF6A9EF269ED2F300A048F8 /* XCRemoteSwiftPackageReference "SnapKit" */,
				59DC5FB926A924E800BCEFEB /* XCRemoteSwiftPackageReference "RxFlow" */,
			);
			productRefGroup = 9BF6A9D9269ECFAF00A048F8 /* Products */;
			projectDirPath = "";
			projectRoot = "";
			targets = (
				9BF6A9D7269ECFAF00A048F8 /* web-bridge-swift */,
			);
		};
/* End PBXProject section */

/* Begin PBXResourcesBuildPhase section */
		9BF6A9D6269ECFAF00A048F8 /* Resources */ = {
			isa = PBXResourcesBuildPhase;
			buildActionMask = 2147483647;
			files = (
				9BF6A9E8269ECFB000A048F8 /* LaunchScreen.storyboard in Resources */,
				9BF6A9E5269ECFB000A048F8 /* Assets.xcassets in Resources */,
				9BF6A9F3269ED96F00A048F8 /* reference.txt in Resources */,
			);
			runOnlyForDeploymentPostprocessing = 0;
		};
/* End PBXResourcesBuildPhase section */

/* Begin PBXSourcesBuildPhase section */
		9BF6A9D4269ECFAF00A048F8 /* Sources */ = {
			isa = PBXSourcesBuildPhase;
			buildActionMask = 2147483647;
			files = (
				59DC5FC626A94E8600BCEFEB /* AppFlow.swift in Sources */,
				5987964226AA486100F2EEA9 /* WebBrideData.swift in Sources */,
				9BF6A9E0269ECFAF00A048F8 /* FirstWebViewController.swift in Sources */,
				59DC5FBF26A94C2A00BCEFEB /* AppStep.swift in Sources */,
				59DC5FC126A94C4800BCEFEB /* AppStepper.swift in Sources */,
				59DC5FCA26A9661900BCEFEB /* NativeViewController.swift in Sources */,
				59DC5FC426A94CC200BCEFEB /* SplashViewController.swift in Sources */,
				9BF6A9DC269ECFAF00A048F8 /* AppDelegate.swift in Sources */,
				9BF6A9DE269ECFAF00A048F8 /* SceneDelegate.swift in Sources */,
				5987964426AA4CED00F2EEA9 /* SecondWebViewController.swift in Sources */,
			);
			runOnlyForDeploymentPostprocessing = 0;
		};
/* End PBXSourcesBuildPhase section */

/* Begin PBXVariantGroup section */
		9BF6A9E6269ECFB000A048F8 /* LaunchScreen.storyboard */ = {
			isa = PBXVariantGroup;
			children = (
				9BF6A9E7269ECFB000A048F8 /* Base */,
			);
			name = LaunchScreen.storyboard;
			sourceTree = "<group>";
		};
/* End PBXVariantGroup section */

/* Begin XCBuildConfiguration section */
		9BF6A9EA269ECFB000A048F8 /* Debug */ = {
			isa = XCBuildConfiguration;
			buildSettings = {
				ALWAYS_SEARCH_USER_PATHS = NO;
				CLANG_ANALYZER_NONNULL = YES;
				CLANG_ANALYZER_NUMBER_OBJECT_CONVERSION = YES_AGGRESSIVE;
				CLANG_CXX_LANGUAGE_STANDARD = "gnu++14";
				CLANG_CXX_LIBRARY = "libc++";
				CLANG_ENABLE_MODULES = YES;
				CLANG_ENABLE_OBJC_ARC = YES;
				CLANG_ENABLE_OBJC_WEAK = YES;
				CLANG_WARN_BLOCK_CAPTURE_AUTORELEASING = YES;
				CLANG_WARN_BOOL_CONVERSION = YES;
				CLANG_WARN_COMMA = YES;
				CLANG_WARN_CONSTANT_CONVERSION = YES;
				CLANG_WARN_DEPRECATED_OBJC_IMPLEMENTATIONS = YES;
				CLANG_WARN_DIRECT_OBJC_ISA_USAGE = YES_ERROR;
				CLANG_WARN_DOCUMENTATION_COMMENTS = YES;
				CLANG_WARN_EMPTY_BODY = YES;
				CLANG_WARN_ENUM_CONVERSION = YES;
				CLANG_WARN_INFINITE_RECURSION = YES;
				CLANG_WARN_INT_CONVERSION = YES;
				CLANG_WARN_NON_LITERAL_NULL_CONVERSION = YES;
				CLANG_WARN_OBJC_IMPLICIT_RETAIN_SELF = YES;
				CLANG_WARN_OBJC_LITERAL_CONVERSION = YES;
				CLANG_WARN_OBJC_ROOT_CLASS = YES_ERROR;
				CLANG_WARN_QUOTED_INCLUDE_IN_FRAMEWORK_HEADER = YES;
				CLANG_WARN_RANGE_LOOP_ANALYSIS = YES;
				CLANG_WARN_STRICT_PROTOTYPES = YES;
				CLANG_WARN_SUSPICIOUS_MOVE = YES;
				CLANG_WARN_UNGUARDED_AVAILABILITY = YES_AGGRESSIVE;
				CLANG_WARN_UNREACHABLE_CODE = YES;
				CLANG_WARN__DUPLICATE_METHOD_MATCH = YES;
				COPY_PHASE_STRIP = NO;
				DEBUG_INFORMATION_FORMAT = dwarf;
				ENABLE_STRICT_OBJC_MSGSEND = YES;
				ENABLE_TESTABILITY = YES;
				GCC_C_LANGUAGE_STANDARD = gnu11;
				GCC_DYNAMIC_NO_PIC = NO;
				GCC_NO_COMMON_BLOCKS = YES;
				GCC_OPTIMIZATION_LEVEL = 0;
				GCC_PREPROCESSOR_DEFINITIONS = (
					"DEBUG=1",
					"$(inherited)",
				);
				GCC_WARN_64_TO_32_BIT_CONVERSION = YES;
				GCC_WARN_ABOUT_RETURN_TYPE = YES_ERROR;
				GCC_WARN_UNDECLARED_SELECTOR = YES;
				GCC_WARN_UNINITIALIZED_AUTOS = YES_AGGRESSIVE;
				GCC_WARN_UNUSED_FUNCTION = YES;
				GCC_WARN_UNUSED_VARIABLE = YES;
				IPHONEOS_DEPLOYMENT_TARGET = 14.5;
				MTL_ENABLE_DEBUG_INFO = INCLUDE_SOURCE;
				MTL_FAST_MATH = YES;
				ONLY_ACTIVE_ARCH = YES;
				SDKROOT = iphoneos;
				SWIFT_ACTIVE_COMPILATION_CONDITIONS = DEBUG;
				SWIFT_OPTIMIZATION_LEVEL = "-Onone";
			};
			name = Debug;
		};
		9BF6A9EB269ECFB000A048F8 /* Release */ = {
			isa = XCBuildConfiguration;
			buildSettings = {
				ALWAYS_SEARCH_USER_PATHS = NO;
				CLANG_ANALYZER_NONNULL = YES;
				CLANG_ANALYZER_NUMBER_OBJECT_CONVERSION = YES_AGGRESSIVE;
				CLANG_CXX_LANGUAGE_STANDARD = "gnu++14";
				CLANG_CXX_LIBRARY = "libc++";
				CLANG_ENABLE_MODULES = YES;
				CLANG_ENABLE_OBJC_ARC = YES;
				CLANG_ENABLE_OBJC_WEAK = YES;
				CLANG_WARN_BLOCK_CAPTURE_AUTORELEASING = YES;
				CLANG_WARN_BOOL_CONVERSION = YES;
				CLANG_WARN_COMMA = YES;
				CLANG_WARN_CONSTANT_CONVERSION = YES;
				CLANG_WARN_DEPRECATED_OBJC_IMPLEMENTATIONS = YES;
				CLANG_WARN_DIRECT_OBJC_ISA_USAGE = YES_ERROR;
				CLANG_WARN_DOCUMENTATION_COMMENTS = YES;
				CLANG_WARN_EMPTY_BODY = YES;
				CLANG_WARN_ENUM_CONVERSION = YES;
				CLANG_WARN_INFINITE_RECURSION = YES;
				CLANG_WARN_INT_CONVERSION = YES;
				CLANG_WARN_NON_LITERAL_NULL_CONVERSION = YES;
				CLANG_WARN_OBJC_IMPLICIT_RETAIN_SELF = YES;
				CLANG_WARN_OBJC_LITERAL_CONVERSION = YES;
				CLANG_WARN_OBJC_ROOT_CLASS = YES_ERROR;
				CLANG_WARN_QUOTED_INCLUDE_IN_FRAMEWORK_HEADER = YES;
				CLANG_WARN_RANGE_LOOP_ANALYSIS = YES;
				CLANG_WARN_STRICT_PROTOTYPES = YES;
				CLANG_WARN_SUSPICIOUS_MOVE = YES;
				CLANG_WARN_UNGUARDED_AVAILABILITY = YES_AGGRESSIVE;
				CLANG_WARN_UNREACHABLE_CODE = YES;
				CLANG_WARN__DUPLICATE_METHOD_MATCH = YES;
				COPY_PHASE_STRIP = NO;
				DEBUG_INFORMATION_FORMAT = "dwarf-with-dsym";
				ENABLE_NS_ASSERTIONS = NO;
				ENABLE_STRICT_OBJC_MSGSEND = YES;
				GCC_C_LANGUAGE_STANDARD = gnu11;
				GCC_NO_COMMON_BLOCKS = YES;
				GCC_WARN_64_TO_32_BIT_CONVERSION = YES;
				GCC_WARN_ABOUT_RETURN_TYPE = YES_ERROR;
				GCC_WARN_UNDECLARED_SELECTOR = YES;
				GCC_WARN_UNINITIALIZED_AUTOS = YES_AGGRESSIVE;
				GCC_WARN_UNUSED_FUNCTION = YES;
				GCC_WARN_UNUSED_VARIABLE = YES;
				IPHONEOS_DEPLOYMENT_TARGET = 14.5;
				MTL_ENABLE_DEBUG_INFO = NO;
				MTL_FAST_MATH = YES;
				SDKROOT = iphoneos;
				SWIFT_COMPILATION_MODE = wholemodule;
				SWIFT_OPTIMIZATION_LEVEL = "-O";
				VALIDATE_PRODUCT = YES;
			};
			name = Release;
		};
		9BF6A9ED269ECFB000A048F8 /* Debug */ = {
			isa = XCBuildConfiguration;
			buildSettings = {
				ASSETCATALOG_COMPILER_APPICON_NAME = AppIcon;
				ASSETCATALOG_COMPILER_GLOBAL_ACCENT_COLOR_NAME = AccentColor;
				CODE_SIGN_STYLE = Manual;
				DEVELOPMENT_TEAM = "";
				INFOPLIST_FILE = "web-bridge-swift/Info.plist";
				LD_RUNPATH_SEARCH_PATHS = (
					"$(inherited)",
					"@executable_path/Frameworks",
				);
				PRODUCT_BUNDLE_IDENTIFIER = "com.triplesoft.web-bridge-swift";
				PRODUCT_NAME = "$(TARGET_NAME)";
				PROVISIONING_PROFILE_SPECIFIER = "";
				SWIFT_VERSION = 5.0;
				TARGETED_DEVICE_FAMILY = "1,2";
			};
			name = Debug;
		};
		9BF6A9EE269ECFB000A048F8 /* Release */ = {
			isa = XCBuildConfiguration;
			buildSettings = {
				ASSETCATALOG_COMPILER_APPICON_NAME = AppIcon;
				ASSETCATALOG_COMPILER_GLOBAL_ACCENT_COLOR_NAME = AccentColor;
				CODE_SIGN_STYLE = Manual;
				DEVELOPMENT_TEAM = "";
				INFOPLIST_FILE = "web-bridge-swift/Info.plist";
				LD_RUNPATH_SEARCH_PATHS = (
					"$(inherited)",
					"@executable_path/Frameworks",
				);
				PRODUCT_BUNDLE_IDENTIFIER = "com.triplesoft.web-bridge-swift";
				PRODUCT_NAME = "$(TARGET_NAME)";
				PROVISIONING_PROFILE_SPECIFIER = "";
				SWIFT_VERSION = 5.0;
				TARGETED_DEVICE_FAMILY = "1,2";
			};
			name = Release;
		};
/* End XCBuildConfiguration section */

/* Begin XCConfigurationList section */
		9BF6A9D3269ECFAF00A048F8 /* Build configuration list for PBXProject "web-bridge-swift" */ = {
			isa = XCConfigurationList;
			buildConfigurations = (
				9BF6A9EA269ECFB000A048F8 /* Debug */,
				9BF6A9EB269ECFB000A048F8 /* Release */,
			);
			defaultConfigurationIsVisible = 0;
			defaultConfigurationName = Release;
		};
		9BF6A9EC269ECFB000A048F8 /* Build configuration list for PBXNativeTarget "web-bridge-swift" */ = {
			isa = XCConfigurationList;
			buildConfigurations = (
				9BF6A9ED269ECFB000A048F8 /* Debug */,
				9BF6A9EE269ECFB000A048F8 /* Release */,
			);
			defaultConfigurationIsVisible = 0;
			defaultConfigurationName = Release;
		};
/* End XCConfigurationList section */

/* Begin XCRemoteSwiftPackageReference section */
		59DC5FB926A924E800BCEFEB /* XCRemoteSwiftPackageReference "RxFlow" */ = {
			isa = XCRemoteSwiftPackageReference;
			repositoryURL = "https://github.com/RxSwiftCommunity/RxFlow.git";
			requirement = {
				kind = upToNextMajorVersion;
				minimumVersion = 2.12.2;
			};
		};
		9BF6A9EF269ED2F300A048F8 /* XCRemoteSwiftPackageReference "SnapKit" */ = {
			isa = XCRemoteSwiftPackageReference;
			repositoryURL = "https://github.com/SnapKit/SnapKit.git";
			requirement = {
				kind = upToNextMajorVersion;
				minimumVersion = 5.0.1;
			};
		};
/* End XCRemoteSwiftPackageReference section */

/* Begin XCSwiftPackageProductDependency section */
		59DC5FBA26A924E800BCEFEB /* RxFlow */ = {
			isa = XCSwiftPackageProductDependency;
			package = 59DC5FB926A924E800BCEFEB /* XCRemoteSwiftPackageReference "RxFlow" */;
			productName = RxFlow;
		};
		9BF6A9F0269ED2F300A048F8 /* SnapKit */ = {
			isa = XCSwiftPackageProductDependency;
			package = 9BF6A9EF269ED2F300A048F8 /* XCRemoteSwiftPackageReference "SnapKit" */;
			productName = SnapKit;
		};
/* End XCSwiftPackageProductDependency section */
	};
	rootObject = 9BF6A9D0269ECFAF00A048F8 /* Project object */;
}
